// !$*UTF8*$!
{
	archiveVersion = 1;
	classes = {
	};
	objectVersion = 55;
	objects = {

/* Begin PBXBuildFile section */
		8AD2EF074ECDB50DE521ED4F /* Pods_Instagram.framework in Frameworks */ = {isa = PBXBuildFile; fileRef = 98602136333C08D75A9501C8 /* Pods_Instagram.framework */; };
		BBB4D4DD2800D701007F6B49 /* DatabaseManager.swift in Sources */ = {isa = PBXBuildFile; fileRef = BBB4D4DC2800D701007F6B49 /* DatabaseManager.swift */; };
		BBB4D4DF2800D7C1007F6B49 /* AuthManager.swift in Sources */ = {isa = PBXBuildFile; fileRef = BBB4D4DE2800D7C1007F6B49 /* AuthManager.swift */; };
		BBB4D4E12800D80E007F6B49 /* StorageManager.swift in Sources */ = {isa = PBXBuildFile; fileRef = BBB4D4E02800D80E007F6B49 /* StorageManager.swift */; };
		BBE04B6B2801E385009EB820 /* GoogleService-Info.plist in Resources */ = {isa = PBXBuildFile; fileRef = BBE04B6A2801E385009EB820 /* GoogleService-Info.plist */; };
		BBEF33AA2800C92500C20086 /* AppDelegate.swift in Sources */ = {isa = PBXBuildFile; fileRef = BBEF33A92800C92500C20086 /* AppDelegate.swift */; };
		BBEF33AC2800C92500C20086 /* SceneDelegate.swift in Sources */ = {isa = PBXBuildFile; fileRef = BBEF33AB2800C92500C20086 /* SceneDelegate.swift */; };
		BBEF33AE2800C92500C20086 /* HomeViewController.swift in Sources */ = {isa = PBXBuildFile; fileRef = BBEF33AD2800C92500C20086 /* HomeViewController.swift */; };
		BBEF33B12800C92500C20086 /* Main.storyboard in Resources */ = {isa = PBXBuildFile; fileRef = BBEF33AF2800C92500C20086 /* Main.storyboard */; };
		BBEF33B32800C92800C20086 /* Assets.xcassets in Resources */ = {isa = PBXBuildFile; fileRef = BBEF33B22800C92800C20086 /* Assets.xcassets */; };
		BBEF33B62800C92800C20086 /* LaunchScreen.storyboard in Resources */ = {isa = PBXBuildFile; fileRef = BBEF33B42800C92800C20086 /* LaunchScreen.storyboard */; };
		BBEF33C22800CA7100C20086 /* ExploreViewController.swift in Sources */ = {isa = PBXBuildFile; fileRef = BBEF33C12800CA7100C20086 /* ExploreViewController.swift */; };
		BBEF33C42800CA9000C20086 /* CameraViewController.swift in Sources */ = {isa = PBXBuildFile; fileRef = BBEF33C32800CA9000C20086 /* CameraViewController.swift */; };
		BBEF33C62800CAA300C20086 /* NotificationsViewController.swift in Sources */ = {isa = PBXBuildFile; fileRef = BBEF33C52800CAA300C20086 /* NotificationsViewController.swift */; };
		BBEF33C82800CAAA00C20086 /* ProfileViewController.swift in Sources */ = {isa = PBXBuildFile; fileRef = BBEF33C72800CAAA00C20086 /* ProfileViewController.swift */; };
		BBEF33CD2800CB0500C20086 /* LoginViewController.swift in Sources */ = {isa = PBXBuildFile; fileRef = BBEF33CC2800CB0500C20086 /* LoginViewController.swift */; };
		BBEF33CF2800CB1200C20086 /* RegistrationViewController.swift in Sources */ = {isa = PBXBuildFile; fileRef = BBEF33CE2800CB1200C20086 /* RegistrationViewController.swift */; };
		BBEF33D12800CB2900C20086 /* PostViewController.swift in Sources */ = {isa = PBXBuildFile; fileRef = BBEF33D02800CB2900C20086 /* PostViewController.swift */; };
		BBEF33D32800CB4500C20086 /* EditProfileViewController.swift in Sources */ = {isa = PBXBuildFile; fileRef = BBEF33D22800CB4500C20086 /* EditProfileViewController.swift */; };
		BBEF33D52800CB4F00C20086 /* SettingsViewController.swift in Sources */ = {isa = PBXBuildFile; fileRef = BBEF33D42800CB4F00C20086 /* SettingsViewController.swift */; };
		BBEF33D72800CB5D00C20086 /* ListViewController.swift in Sources */ = {isa = PBXBuildFile; fileRef = BBEF33D62800CB5D00C20086 /* ListViewController.swift */; };
		BBEF33D92800CB7100C20086 /* SearchViewController.swift in Sources */ = {isa = PBXBuildFile; fileRef = BBEF33D82800CB7100C20086 /* SearchViewController.swift */; };
		BBEF33DB2800CB7900C20086 /* SearchResultViewController.swift in Sources */ = {isa = PBXBuildFile; fileRef = BBEF33DA2800CB7900C20086 /* SearchResultViewController.swift */; };
		BBEF33DD2800CB9F00C20086 /* PostEditorViewController.swift in Sources */ = {isa = PBXBuildFile; fileRef = BBEF33DC2800CB9F00C20086 /* PostEditorViewController.swift */; };
		BBEF33DF2800CBAD00C20086 /* PublishPostViewController.swift in Sources */ = {isa = PBXBuildFile; fileRef = BBEF33DE2800CBAD00C20086 /* PublishPostViewController.swift */; };
		BBF0393F2800E8A4007B4D9F /* Extensions.swift in Sources */ = {isa = PBXBuildFile; fileRef = BBF0393E2800E8A4007B4D9F /* Extensions.swift */; };
/* End PBXBuildFile section */

/* Begin PBXFileReference section */
		8814C8D1928C2FD748BD7742 /* Pods-Instagram.release.xcconfig */ = {isa = PBXFileReference; includeInIndex = 1; lastKnownFileType = text.xcconfig; name = "Pods-Instagram.release.xcconfig"; path = "Target Support Files/Pods-Instagram/Pods-Instagram.release.xcconfig"; sourceTree = "<group>"; };
		98602136333C08D75A9501C8 /* Pods_Instagram.framework */ = {isa = PBXFileReference; explicitFileType = wrapper.framework; includeInIndex = 0; path = Pods_Instagram.framework; sourceTree = BUILT_PRODUCTS_DIR; };
		9B0DFFFAAB17E97D5EF1AAD4 /* Pods-Instagram.debug.xcconfig */ = {isa = PBXFileReference; includeInIndex = 1; lastKnownFileType = text.xcconfig; name = "Pods-Instagram.debug.xcconfig"; path = "Target Support Files/Pods-Instagram/Pods-Instagram.debug.xcconfig"; sourceTree = "<group>"; };
		BBB4D4DC2800D701007F6B49 /* DatabaseManager.swift */ = {isa = PBXFileReference; lastKnownFileType = sourcecode.swift; path = DatabaseManager.swift; sourceTree = "<group>"; };
		BBB4D4DE2800D7C1007F6B49 /* AuthManager.swift */ = {isa = PBXFileReference; lastKnownFileType = sourcecode.swift; path = AuthManager.swift; sourceTree = "<group>"; };
		BBB4D4E02800D80E007F6B49 /* StorageManager.swift */ = {isa = PBXFileReference; lastKnownFileType = sourcecode.swift; path = StorageManager.swift; sourceTree = "<group>"; };
		BBE04B6A2801E385009EB820 /* GoogleService-Info.plist */ = {isa = PBXFileReference; fileEncoding = 4; lastKnownFileType = text.plist.xml; path = "GoogleService-Info.plist"; sourceTree = "<group>"; };
		BBEF33A62800C92500C20086 /* Instagram.app */ = {isa = PBXFileReference; explicitFileType = wrapper.application; includeInIndex = 0; path = Instagram.app; sourceTree = BUILT_PRODUCTS_DIR; };
		BBEF33A92800C92500C20086 /* AppDelegate.swift */ = {isa = PBXFileReference; lastKnownFileType = sourcecode.swift; path = AppDelegate.swift; sourceTree = "<group>"; };
		BBEF33AB2800C92500C20086 /* SceneDelegate.swift */ = {isa = PBXFileReference; lastKnownFileType = sourcecode.swift; path = SceneDelegate.swift; sourceTree = "<group>"; };
		BBEF33AD2800C92500C20086 /* HomeViewController.swift */ = {isa = PBXFileReference; lastKnownFileType = sourcecode.swift; path = HomeViewController.swift; sourceTree = "<group>"; };
		BBEF33B02800C92500C20086 /* Base */ = {isa = PBXFileReference; lastKnownFileType = file.storyboard; name = Base; path = Base.lproj/Main.storyboard; sourceTree = "<group>"; };
		BBEF33B22800C92800C20086 /* Assets.xcassets */ = {isa = PBXFileReference; lastKnownFileType = folder.assetcatalog; path = Assets.xcassets; sourceTree = "<group>"; };
		BBEF33B52800C92800C20086 /* Base */ = {isa = PBXFileReference; lastKnownFileType = file.storyboard; name = Base; path = Base.lproj/LaunchScreen.storyboard; sourceTree = "<group>"; };
		BBEF33B72800C92800C20086 /* Info.plist */ = {isa = PBXFileReference; lastKnownFileType = text.plist.xml; path = Info.plist; sourceTree = "<group>"; };
		BBEF33C12800CA7100C20086 /* ExploreViewController.swift */ = {isa = PBXFileReference; lastKnownFileType = sourcecode.swift; path = ExploreViewController.swift; sourceTree = "<group>"; };
		BBEF33C32800CA9000C20086 /* CameraViewController.swift */ = {isa = PBXFileReference; lastKnownFileType = sourcecode.swift; path = CameraViewController.swift; sourceTree = "<group>"; };
		BBEF33C52800CAA300C20086 /* NotificationsViewController.swift */ = {isa = PBXFileReference; lastKnownFileType = sourcecode.swift; path = NotificationsViewController.swift; sourceTree = "<group>"; };
		BBEF33C72800CAAA00C20086 /* ProfileViewController.swift */ = {isa = PBXFileReference; lastKnownFileType = sourcecode.swift; path = ProfileViewController.swift; sourceTree = "<group>"; };
		BBEF33CC2800CB0500C20086 /* LoginViewController.swift */ = {isa = PBXFileReference; lastKnownFileType = sourcecode.swift; path = LoginViewController.swift; sourceTree = "<group>"; };
		BBEF33CE2800CB1200C20086 /* RegistrationViewController.swift */ = {isa = PBXFileReference; lastKnownFileType = sourcecode.swift; path = RegistrationViewController.swift; sourceTree = "<group>"; };
		BBEF33D02800CB2900C20086 /* PostViewController.swift */ = {isa = PBXFileReference; lastKnownFileType = sourcecode.swift; path = PostViewController.swift; sourceTree = "<group>"; };
		BBEF33D22800CB4500C20086 /* EditProfileViewController.swift */ = {isa = PBXFileReference; lastKnownFileType = sourcecode.swift; path = EditProfileViewController.swift; sourceTree = "<group>"; };
		BBEF33D42800CB4F00C20086 /* SettingsViewController.swift */ = {isa = PBXFileReference; lastKnownFileType = sourcecode.swift; path = SettingsViewController.swift; sourceTree = "<group>"; };
		BBEF33D62800CB5D00C20086 /* ListViewController.swift */ = {isa = PBXFileReference; lastKnownFileType = sourcecode.swift; path = ListViewController.swift; sourceTree = "<group>"; };
		BBEF33D82800CB7100C20086 /* SearchViewController.swift */ = {isa = PBXFileReference; lastKnownFileType = sourcecode.swift; path = SearchViewController.swift; sourceTree = "<group>"; };
		BBEF33DA2800CB7900C20086 /* SearchResultViewController.swift */ = {isa = PBXFileReference; lastKnownFileType = sourcecode.swift; path = SearchResultViewController.swift; sourceTree = "<group>"; };
		BBEF33DC2800CB9F00C20086 /* PostEditorViewController.swift */ = {isa = PBXFileReference; lastKnownFileType = sourcecode.swift; path = PostEditorViewController.swift; sourceTree = "<group>"; };
		BBEF33DE2800CBAD00C20086 /* PublishPostViewController.swift */ = {isa = PBXFileReference; lastKnownFileType = sourcecode.swift; path = PublishPostViewController.swift; sourceTree = "<group>"; };
		BBF0393E2800E8A4007B4D9F /* Extensions.swift */ = {isa = PBXFileReference; lastKnownFileType = sourcecode.swift; path = Extensions.swift; sourceTree = "<group>"; };
/* End PBXFileReference section */

/* Begin PBXFrameworksBuildPhase section */
		BBEF33A32800C92500C20086 /* Frameworks */ = {
			isa = PBXFrameworksBuildPhase;
			buildActionMask = 2147483647;
			files = (
				8AD2EF074ECDB50DE521ED4F /* Pods_Instagram.framework in Frameworks */,
			);
			runOnlyForDeploymentPostprocessing = 0;
		};
/* End PBXFrameworksBuildPhase section */

/* Begin PBXGroup section */
		21B25894440356E6CC905112 /* Pods */ = {
			isa = PBXGroup;
			children = (
				9B0DFFFAAB17E97D5EF1AAD4 /* Pods-Instagram.debug.xcconfig */,
				8814C8D1928C2FD748BD7742 /* Pods-Instagram.release.xcconfig */,
			);
			path = Pods;
			sourceTree = "<group>";
		};
		3482ED41F1668773F98464AE /* Frameworks */ = {
			isa = PBXGroup;
			children = (
				98602136333C08D75A9501C8 /* Pods_Instagram.framework */,
			);
			name = Frameworks;
			sourceTree = "<group>";
		};
		BBB4D4DB2800D65A007F6B49 /* General */ = {
			isa = PBXGroup;
			children = (
				BBEF33D42800CB4F00C20086 /* SettingsViewController.swift */,
				BBEF33D02800CB2900C20086 /* PostViewController.swift */,
				BBEF33D22800CB4500C20086 /* EditProfileViewController.swift */,
				BBEF33D62800CB5D00C20086 /* ListViewController.swift */,
				BBEF33D82800CB7100C20086 /* SearchViewController.swift */,
				BBEF33DA2800CB7900C20086 /* SearchResultViewController.swift */,
				BBEF33DC2800CB9F00C20086 /* PostEditorViewController.swift */,
				BBEF33DE2800CBAD00C20086 /* PublishPostViewController.swift */,
			);
			path = General;
			sourceTree = "<group>";
		};
		BBEF339D2800C92500C20086 = {
			isa = PBXGroup;
			children = (
				BBEF33A82800C92500C20086 /* Instagram */,
				BBEF33A72800C92500C20086 /* Products */,
				21B25894440356E6CC905112 /* Pods */,
				3482ED41F1668773F98464AE /* Frameworks */,
			);
			sourceTree = "<group>";
		};
		BBEF33A72800C92500C20086 /* Products */ = {
			isa = PBXGroup;
			children = (
				BBEF33A62800C92500C20086 /* Instagram.app */,
			);
			name = Products;
			sourceTree = "<group>";
		};
		BBEF33A82800C92500C20086 /* Instagram */ = {
			isa = PBXGroup;
			children = (
				BBEF33C02800C9DB00C20086 /* Resources */,
				BBEF33BF2800C9D500C20086 /* Models */,
				BBEF33BE2800C9CF00C20086 /* Views */,
				BBEF33BD2800C9C800C20086 /* Controllers */,
				BBEF33B72800C92800C20086 /* Info.plist */,
			);
			path = Instagram;
			sourceTree = "<group>";
		};
		BBEF33BD2800C9C800C20086 /* Controllers */ = {
			isa = PBXGroup;
			children = (
				BBEF33CA2800CAE900C20086 /* Other */,
				BBEF33C92800CACF00C20086 /* Core Tabs */,
			);
			path = Controllers;
			sourceTree = "<group>";
		};
		BBEF33BE2800C9CF00C20086 /* Views */ = {
			isa = PBXGroup;
			children = (
				BBF039402800EC96007B4D9F /* Storyboards */,
				BBEF33B22800C92800C20086 /* Assets.xcassets */,
			);
			path = Views;
			sourceTree = "<group>";
		};
		BBEF33BF2800C9D500C20086 /* Models */ = {
			isa = PBXGroup;
			children = (
			);
			path = Models;
			sourceTree = "<group>";
		};
		BBEF33C02800C9DB00C20086 /* Resources */ = {
			isa = PBXGroup;
			children = (
				BBE04B6A2801E385009EB820 /* GoogleService-Info.plist */,
				BBEF33A92800C92500C20086 /* AppDelegate.swift */,
				BBEF33AB2800C92500C20086 /* SceneDelegate.swift */,
				BBB4D4DC2800D701007F6B49 /* DatabaseManager.swift */,
				BBB4D4DE2800D7C1007F6B49 /* AuthManager.swift */,
				BBB4D4E02800D80E007F6B49 /* StorageManager.swift */,
				BBF0393E2800E8A4007B4D9F /* Extensions.swift */,
			);
			path = Resources;
			sourceTree = "<group>";
		};
		BBEF33C92800CACF00C20086 /* Core Tabs */ = {
			isa = PBXGroup;
			children = (
				BBEF33AD2800C92500C20086 /* HomeViewController.swift */,
				BBEF33C12800CA7100C20086 /* ExploreViewController.swift */,
				BBEF33C32800CA9000C20086 /* CameraViewController.swift */,
				BBEF33C52800CAA300C20086 /* NotificationsViewController.swift */,
				BBEF33C72800CAAA00C20086 /* ProfileViewController.swift */,
			);
			path = "Core Tabs";
			sourceTree = "<group>";
		};
		BBEF33CA2800CAE900C20086 /* Other */ = {
			isa = PBXGroup;
			children = (
				BBEF33CB2800CAF400C20086 /* Onboarding */,
				BBB4D4DB2800D65A007F6B49 /* General */,
			);
			path = Other;
			sourceTree = "<group>";
		};
		BBEF33CB2800CAF400C20086 /* Onboarding */ = {
			isa = PBXGroup;
			children = (
				BBEF33CC2800CB0500C20086 /* LoginViewController.swift */,
				BBEF33CE2800CB1200C20086 /* RegistrationViewController.swift */,
			);
			path = Onboarding;
			sourceTree = "<group>";
		};
		BBF039402800EC96007B4D9F /* Storyboards */ = {
			isa = PBXGroup;
			children = (
				BBEF33AF2800C92500C20086 /* Main.storyboard */,
				BBEF33B42800C92800C20086 /* LaunchScreen.storyboard */,
			);
			path = Storyboards;
			sourceTree = "<group>";
		};
/* End PBXGroup section */

/* Begin PBXNativeTarget section */
		BBEF33A52800C92500C20086 /* Instagram */ = {
			isa = PBXNativeTarget;
			buildConfigurationList = BBEF33BA2800C92800C20086 /* Build configuration list for PBXNativeTarget "Instagram" */;
			buildPhases = (
				584000E4C94F780A3BB4D7DA /* [CP] Check Pods Manifest.lock */,
				BBEF33A22800C92500C20086 /* Sources */,
				BBEF33A32800C92500C20086 /* Frameworks */,
				BBEF33A42800C92500C20086 /* Resources */,
				B8350FF99F9FC5775C0691D9 /* [CP] Embed Pods Frameworks */,
			);
			buildRules = (
			);
			dependencies = (
			);
			name = Instagram;
			productName = Instagram;
			productReference = BBEF33A62800C92500C20086 /* Instagram.app */;
			productType = "com.apple.product-type.application";
		};
/* End PBXNativeTarget section */

/* Begin PBXProject section */
		BBEF339E2800C92500C20086 /* Project object */ = {
			isa = PBXProject;
			attributes = {
				BuildIndependentTargetsInParallel = 1;
				LastSwiftUpdateCheck = 1330;
				LastUpgradeCheck = 1330;
				TargetAttributes = {
					BBEF33A52800C92500C20086 = {
						CreatedOnToolsVersion = 13.3;
					};
				};
			};
			buildConfigurationList = BBEF33A12800C92500C20086 /* Build configuration list for PBXProject "Instagram" */;
			compatibilityVersion = "Xcode 13.0";
			developmentRegion = en;
			hasScannedForEncodings = 0;
			knownRegions = (
				en,
				Base,
			);
			mainGroup = BBEF339D2800C92500C20086;
			productRefGroup = BBEF33A72800C92500C20086 /* Products */;
			projectDirPath = "";
			projectRoot = "";
			targets = (
				BBEF33A52800C92500C20086 /* Instagram */,
			);
		};
/* End PBXProject section */

/* Begin PBXResourcesBuildPhase section */
		BBEF33A42800C92500C20086 /* Resources */ = {
			isa = PBXResourcesBuildPhase;
			buildActionMask = 2147483647;
			files = (
				BBEF33B62800C92800C20086 /* LaunchScreen.storyboard in Resources */,
				BBEF33B32800C92800C20086 /* Assets.xcassets in Resources */,
				BBEF33B12800C92500C20086 /* Main.storyboard in Resources */,
				BBE04B6B2801E385009EB820 /* GoogleService-Info.plist in Resources */,
			);
			runOnlyForDeploymentPostprocessing = 0;
		};
/* End PBXResourcesBuildPhase section */

/* Begin PBXShellScriptBuildPhase section */
		584000E4C94F780A3BB4D7DA /* [CP] Check Pods Manifest.lock */ = {
			isa = PBXShellScriptBuildPhase;
			buildActionMask = 2147483647;
			files = (
			);
			inputFileListPaths = (
			);
			inputPaths = (
				"${PODS_PODFILE_DIR_PATH}/Podfile.lock",
				"${PODS_ROOT}/Manifest.lock",
			);
			name = "[CP] Check Pods Manifest.lock";
			outputFileListPaths = (
			);
			outputPaths = (
				"$(DERIVED_FILE_DIR)/Pods-Instagram-checkManifestLockResult.txt",
			);
			runOnlyForDeploymentPostprocessing = 0;
			shellPath = /bin/sh;
			shellScript = "diff \"${PODS_PODFILE_DIR_PATH}/Podfile.lock\" \"${PODS_ROOT}/Manifest.lock\" > /dev/null\nif [ $? != 0 ] ; then\n    # print error to STDERR\n    echo \"error: The sandbox is not in sync with the Podfile.lock. Run 'pod install' or update your CocoaPods installation.\" >&2\n    exit 1\nfi\n# This output is used by Xcode 'outputs' to avoid re-running this script phase.\necho \"SUCCESS\" > \"${SCRIPT_OUTPUT_FILE_0}\"\n";
			showEnvVarsInLog = 0;
		};
		B8350FF99F9FC5775C0691D9 /* [CP] Embed Pods Frameworks */ = {
			isa = PBXShellScriptBuildPhase;
			buildActionMask = 2147483647;
			files = (
			);
			inputFileListPaths = (
				"${PODS_ROOT}/Target Support Files/Pods-Instagram/Pods-Instagram-frameworks-${CONFIGURATION}-input-files.xcfilelist",
			);
			name = "[CP] Embed Pods Frameworks";
			outputFileListPaths = (
				"${PODS_ROOT}/Target Support Files/Pods-Instagram/Pods-Instagram-frameworks-${CONFIGURATION}-output-files.xcfilelist",
			);
			runOnlyForDeploymentPostprocessing = 0;
			shellPath = /bin/sh;
			shellScript = "\"${PODS_ROOT}/Target Support Files/Pods-Instagram/Pods-Instagram-frameworks.sh\"\n";
			showEnvVarsInLog = 0;
		};
/* End PBXShellScriptBuildPhase section */

/* Begin PBXSourcesBuildPhase section */
		BBEF33A22800C92500C20086 /* Sources */ = {
			isa = PBXSourcesBuildPhase;
			buildActionMask = 2147483647;
			files = (
				BBEF33D32800CB4500C20086 /* EditProfileViewController.swift in Sources */,
				BBEF33C22800CA7100C20086 /* ExploreViewController.swift in Sources */,
				BBEF33DF2800CBAD00C20086 /* PublishPostViewController.swift in Sources */,
				BBEF33C42800CA9000C20086 /* CameraViewController.swift in Sources */,
				BBEF33AE2800C92500C20086 /* HomeViewController.swift in Sources */,
				BBEF33CF2800CB1200C20086 /* RegistrationViewController.swift in Sources */,
				BBEF33DD2800CB9F00C20086 /* PostEditorViewController.swift in Sources */,
				BBB4D4E12800D80E007F6B49 /* StorageManager.swift in Sources */,
				BBEF33D12800CB2900C20086 /* PostViewController.swift in Sources */,
				BBB4D4DD2800D701007F6B49 /* DatabaseManager.swift in Sources */,
				BBEF33C62800CAA300C20086 /* NotificationsViewController.swift in Sources */,
				BBEF33DB2800CB7900C20086 /* SearchResultViewController.swift in Sources */,
				BBEF33CD2800CB0500C20086 /* LoginViewController.swift in Sources */,
				BBF0393F2800E8A4007B4D9F /* Extensions.swift in Sources */,
				BBEF33D92800CB7100C20086 /* SearchViewController.swift in Sources */,
				BBEF33C82800CAAA00C20086 /* ProfileViewController.swift in Sources */,
				BBB4D4DF2800D7C1007F6B49 /* AuthManager.swift in Sources */,
				BBEF33AA2800C92500C20086 /* AppDelegate.swift in Sources */,
				BBEF33AC2800C92500C20086 /* SceneDelegate.swift in Sources */,
				BBEF33D72800CB5D00C20086 /* ListViewController.swift in Sources */,
				BBEF33D52800CB4F00C20086 /* SettingsViewController.swift in Sources */,
			);
			runOnlyForDeploymentPostprocessing = 0;
		};
/* End PBXSourcesBuildPhase section */

/* Begin PBXVariantGroup section */
		BBEF33AF2800C92500C20086 /* Main.storyboard */ = {
			isa = PBXVariantGroup;
			children = (
				BBEF33B02800C92500C20086 /* Base */,
			);
			name = Main.storyboard;
			sourceTree = "<group>";
		};
		BBEF33B42800C92800C20086 /* LaunchScreen.storyboard */ = {
			isa = PBXVariantGroup;
			children = (
				BBEF33B52800C92800C20086 /* Base */,
			);
			name = LaunchScreen.storyboard;
			sourceTree = "<group>";
		};
/* End PBXVariantGroup section */

/* Begin XCBuildConfiguration section */
		BBEF33B82800C92800C20086 /* Debug */ = {
			isa = XCBuildConfiguration;
			buildSettings = {
				ALWAYS_SEARCH_USER_PATHS = NO;
				CLANG_ANALYZER_NONNULL = YES;
				CLANG_ANALYZER_NUMBER_OBJECT_CONVERSION = YES_AGGRESSIVE;
				CLANG_CXX_LANGUAGE_STANDARD = "gnu++17";
				CLANG_ENABLE_MODULES = YES;
				CLANG_ENABLE_OBJC_ARC = YES;
				CLANG_ENABLE_OBJC_WEAK = YES;
				CLANG_WARN_BLOCK_CAPTURE_AUTORELEASING = YES;
				CLANG_WARN_BOOL_CONVERSION = YES;
				CLANG_WARN_COMMA = YES;
				CLANG_WARN_CONSTANT_CONVERSION = YES;
				CLANG_WARN_DEPRECATED_OBJC_IMPLEMENTATIONS = YES;
				CLANG_WARN_DIRECT_OBJC_ISA_USAGE = YES_ERROR;
				CLANG_WARN_DOCUMENTATION_COMMENTS = YES;
				CLANG_WARN_EMPTY_BODY = YES;
				CLANG_WARN_ENUM_CONVERSION = YES;
				CLANG_WARN_INFINITE_RECURSION = YES;
				CLANG_WARN_INT_CONVERSION = YES;
				CLANG_WARN_NON_LITERAL_NULL_CONVERSION = YES;
				CLANG_WARN_OBJC_IMPLICIT_RETAIN_SELF = YES;
				CLANG_WARN_OBJC_LITERAL_CONVERSION = YES;
				CLANG_WARN_OBJC_ROOT_CLASS = YES_ERROR;
				CLANG_WARN_QUOTED_INCLUDE_IN_FRAMEWORK_HEADER = YES;
				CLANG_WARN_RANGE_LOOP_ANALYSIS = YES;
				CLANG_WARN_STRICT_PROTOTYPES = YES;
				CLANG_WARN_SUSPICIOUS_MOVE = YES;
				CLANG_WARN_UNGUARDED_AVAILABILITY = YES_AGGRESSIVE;
				CLANG_WARN_UNREACHABLE_CODE = YES;
				CLANG_WARN__DUPLICATE_METHOD_MATCH = YES;
				COPY_PHASE_STRIP = NO;
				DEBUG_INFORMATION_FORMAT = dwarf;
				ENABLE_STRICT_OBJC_MSGSEND = YES;
				ENABLE_TESTABILITY = YES;
				GCC_C_LANGUAGE_STANDARD = gnu11;
				GCC_DYNAMIC_NO_PIC = NO;
				GCC_NO_COMMON_BLOCKS = YES;
				GCC_OPTIMIZATION_LEVEL = 0;
				GCC_PREPROCESSOR_DEFINITIONS = (
					"DEBUG=1",
					"$(inherited)",
				);
				GCC_WARN_64_TO_32_BIT_CONVERSION = YES;
				GCC_WARN_ABOUT_RETURN_TYPE = YES_ERROR;
				GCC_WARN_UNDECLARED_SELECTOR = YES;
				GCC_WARN_UNINITIALIZED_AUTOS = YES_AGGRESSIVE;
				GCC_WARN_UNUSED_FUNCTION = YES;
				GCC_WARN_UNUSED_VARIABLE = YES;
				IPHONEOS_DEPLOYMENT_TARGET = 15.4;
				MTL_ENABLE_DEBUG_INFO = INCLUDE_SOURCE;
				MTL_FAST_MATH = YES;
				ONLY_ACTIVE_ARCH = YES;
				SDKROOT = iphoneos;
				SWIFT_ACTIVE_COMPILATION_CONDITIONS = DEBUG;
				SWIFT_OPTIMIZATION_LEVEL = "-Onone";
			};
			name = Debug;
		};
		BBEF33B92800C92800C20086 /* Release */ = {
			isa = XCBuildConfiguration;
			buildSettings = {
				ALWAYS_SEARCH_USER_PATHS = NO;
				CLANG_ANALYZER_NONNULL = YES;
				CLANG_ANALYZER_NUMBER_OBJECT_CONVERSION = YES_AGGRESSIVE;
				CLANG_CXX_LANGUAGE_STANDARD = "gnu++17";
				CLANG_ENABLE_MODULES = YES;
				CLANG_ENABLE_OBJC_ARC = YES;
				CLANG_ENABLE_OBJC_WEAK = YES;
				CLANG_WARN_BLOCK_CAPTURE_AUTORELEASING = YES;
				CLANG_WARN_BOOL_CONVERSION = YES;
				CLANG_WARN_COMMA = YES;
				CLANG_WARN_CONSTANT_CONVERSION = YES;
				CLANG_WARN_DEPRECATED_OBJC_IMPLEMENTATIONS = YES;
				CLANG_WARN_DIRECT_OBJC_ISA_USAGE = YES_ERROR;
				CLANG_WARN_DOCUMENTATION_COMMENTS = YES;
				CLANG_WARN_EMPTY_BODY = YES;
				CLANG_WARN_ENUM_CONVERSION = YES;
				CLANG_WARN_INFINITE_RECURSION = YES;
				CLANG_WARN_INT_CONVERSION = YES;
				CLANG_WARN_NON_LITERAL_NULL_CONVERSION = YES;
				CLANG_WARN_OBJC_IMPLICIT_RETAIN_SELF = YES;
				CLANG_WARN_OBJC_LITERAL_CONVERSION = YES;
				CLANG_WARN_OBJC_ROOT_CLASS = YES_ERROR;
				CLANG_WARN_QUOTED_INCLUDE_IN_FRAMEWORK_HEADER = YES;
				CLANG_WARN_RANGE_LOOP_ANALYSIS = YES;
				CLANG_WARN_STRICT_PROTOTYPES = YES;
				CLANG_WARN_SUSPICIOUS_MOVE = YES;
				CLANG_WARN_UNGUARDED_AVAILABILITY = YES_AGGRESSIVE;
				CLANG_WARN_UNREACHABLE_CODE = YES;
				CLANG_WARN__DUPLICATE_METHOD_MATCH = YES;
				COPY_PHASE_STRIP = NO;
				DEBUG_INFORMATION_FORMAT = "dwarf-with-dsym";
				ENABLE_NS_ASSERTIONS = NO;
				ENABLE_STRICT_OBJC_MSGSEND = YES;
				GCC_C_LANGUAGE_STANDARD = gnu11;
				GCC_NO_COMMON_BLOCKS = YES;
				GCC_WARN_64_TO_32_BIT_CONVERSION = YES;
				GCC_WARN_ABOUT_RETURN_TYPE = YES_ERROR;
				GCC_WARN_UNDECLARED_SELECTOR = YES;
				GCC_WARN_UNINITIALIZED_AUTOS = YES_AGGRESSIVE;
				GCC_WARN_UNUSED_FUNCTION = YES;
				GCC_WARN_UNUSED_VARIABLE = YES;
				IPHONEOS_DEPLOYMENT_TARGET = 15.4;
				MTL_ENABLE_DEBUG_INFO = NO;
				MTL_FAST_MATH = YES;
				SDKROOT = iphoneos;
				SWIFT_COMPILATION_MODE = wholemodule;
				SWIFT_OPTIMIZATION_LEVEL = "-O";
				VALIDATE_PRODUCT = YES;
			};
			name = Release;
		};
		BBEF33BB2800C92800C20086 /* Debug */ = {
			isa = XCBuildConfiguration;
			baseConfigurationReference = 9B0DFFFAAB17E97D5EF1AAD4 /* Pods-Instagram.debug.xcconfig */;
			buildSettings = {
				ASSETCATALOG_COMPILER_APPICON_NAME = AppIcon;
				ASSETCATALOG_COMPILER_GLOBAL_ACCENT_COLOR_NAME = AccentColor;
				CODE_SIGN_STYLE = Automatic;
				CURRENT_PROJECT_VERSION = 1;
				DEVELOPMENT_TEAM = 4GVR9352YB;
				GENERATE_INFOPLIST_FILE = YES;
				INFOPLIST_FILE = Instagram/Info.plist;
				INFOPLIST_KEY_UIApplicationSupportsIndirectInputEvents = YES;
				INFOPLIST_KEY_UILaunchStoryboardName = LaunchScreen;
				INFOPLIST_KEY_UIMainStoryboardFile = Main;
				INFOPLIST_KEY_UISupportedInterfaceOrientations = UIInterfaceOrientationPortrait;
				INFOPLIST_KEY_UISupportedInterfaceOrientations_iPad = "UIInterfaceOrientationPortrait UIInterfaceOrientationPortraitUpsideDown UIInterfaceOrientationLandscapeLeft UIInterfaceOrientationLandscapeRight";
				INFOPLIST_KEY_UISupportedInterfaceOrientations_iPhone = "UIInterfaceOrientationPortrait UIInterfaceOrientationLandscapeLeft UIInterfaceOrientationLandscapeRight";
				IPHONEOS_DEPLOYMENT_TARGET = 13.0;
				LD_RUNPATH_SEARCH_PATHS = (
					"$(inherited)",
					"@executable_path/Frameworks",
				);
				MARKETING_VERSION = 1.0;
				PRODUCT_BUNDLE_IDENTIFIER = com.hamza.InstagramClone;
				PRODUCT_NAME = "$(TARGET_NAME)";
				SWIFT_EMIT_LOC_STRINGS = YES;
				SWIFT_VERSION = 5.0;
				TARGETED_DEVICE_FAMILY = "1,2";
			};
			name = Debug;
		};
		BBEF33BC2800C92800C20086 /* Release */ = {
			isa = XCBuildConfiguration;
			baseConfigurationReference = 8814C8D1928C2FD748BD7742 /* Pods-Instagram.release.xcconfig */;
			buildSettings = {
				ASSETCATALOG_COMPILER_APPICON_NAME = AppIcon;
				ASSETCATALOG_COMPILER_GLOBAL_ACCENT_COLOR_NAME = AccentColor;
				CODE_SIGN_STYLE = Automatic;
				CURRENT_PROJECT_VERSION = 1;
				DEVELOPMENT_TEAM = 4GVR9352YB;
				GENERATE_INFOPLIST_FILE = YES;
				INFOPLIST_FILE = Instagram/Info.plist;
				INFOPLIST_KEY_UIApplicationSupportsIndirectInputEvents = YES;
				INFOPLIST_KEY_UILaunchStoryboardName = LaunchScreen;
				INFOPLIST_KEY_UIMainStoryboardFile = Main;
				INFOPLIST_KEY_UISupportedInterfaceOrientations = UIInterfaceOrientationPortrait;
				INFOPLIST_KEY_UISupportedInterfaceOrientations_iPad = "UIInterfaceOrientationPortrait UIInterfaceOrientationPortraitUpsideDown UIInterfaceOrientationLandscapeLeft UIInterfaceOrientationLandscapeRight";
				INFOPLIST_KEY_UISupportedInterfaceOrientations_iPhone = "UIInterfaceOrientationPortrait UIInterfaceOrientationLandscapeLeft UIInterfaceOrientationLandscapeRight";
				IPHONEOS_DEPLOYMENT_TARGET = 13.0;
				LD_RUNPATH_SEARCH_PATHS = (
					"$(inherited)",
					"@executable_path/Frameworks",
				);
				MARKETING_VERSION = 1.0;
				PRODUCT_BUNDLE_IDENTIFIER = com.hamza.InstagramClone;
				PRODUCT_NAME = "$(TARGET_NAME)";
				SWIFT_EMIT_LOC_STRINGS = YES;
				SWIFT_VERSION = 5.0;
				TARGETED_DEVICE_FAMILY = "1,2";
			};
			name = Release;
		};
/* End XCBuildConfiguration section */

/* Begin XCConfigurationList section */
		BBEF33A12800C92500C20086 /* Build configuration list for PBXProject "Instagram" */ = {
			isa = XCConfigurationList;
			buildConfigurations = (
				BBEF33B82800C92800C20086 /* Debug */,
				BBEF33B92800C92800C20086 /* Release */,
			);
			defaultConfigurationIsVisible = 0;
			defaultConfigurationName = Release;
		};
		BBEF33BA2800C92800C20086 /* Build configuration list for PBXNativeTarget "Instagram" */ = {
			isa = XCConfigurationList;
			buildConfigurations = (
				BBEF33BB2800C92800C20086 /* Debug */,
				BBEF33BC2800C92800C20086 /* Release */,
			);
			defaultConfigurationIsVisible = 0;
			defaultConfigurationName = Release;
		};
/* End XCConfigurationList section */
	};
	rootObject = BBEF339E2800C92500C20086 /* Project object */;
}
